
Microsoft Visual Studio Solution File, Format Version 12.00
# Visual Studio Version 17
VisualStudioVersion = 17.4.32916.344
MinimumVisualStudioVersion = 10.0.40219.1
Project("{9A19103F-16F7-4668-BE54-9A1E7A4F7556}") = "GoalspireBackend", "GoalspireBackend\GoalspireBackend.csproj", "{1266AB8F-575E-453F-B239-E14B5B885DC5}"
EndProject
Global
	GlobalSection(SolutionConfigurationPlatforms) = preSolution
		Debug|Any CPU = Debug|Any CPU
		Release|Any CPU = Release|Any CPU
	EndGlobalSection
	GlobalSection(ProjectConfigurationPlatforms) = postSolution
		{1266AB8F-575E-453F-B239-E14B5B885DC5}.Debug|Any CPU.ActiveCfg = Debug|Any CPU
		{1266AB8F-575E-453F-B239-E14B5B885DC5}.Debug|Any CPU.Build.0 = Debug|Any CPU
		{1266AB8F-575E-453F-B239-E14B5B885DC5}.Release|Any CPU.ActiveCfg = Release|Any CPU
		{1266AB8F-575E-453F-B239-E14B5B885DC5}.Release|Any CPU.Build.0 = Release|Any CPU
	EndGlobalSection
	GlobalSection(SolutionProperties) = preSolution
		HideSolutionNode = FALSE
	EndGlobalSection
	GlobalSection(ExtensibilityGlobals) = postSolution
		SolutionGuid = {16B735AD-4586-478B-B514-CD5C371CFD25}
	EndGlobalSection
EndGlobal
